
Microsoft Visual Studio Solution File, Format Version 12.00
# Visual Studio Version 16
VisualStudioVersion = 16.0.31229.75
MinimumVisualStudioVersion = 10.0.40219.1
Project("{FAE04EC0-301F-11D3-BF4B-00C04F79EFBC}") = "Nº2", "Nº2\Nº2.csproj", "{5073E5DF-818C-4989-9693-32963BAEF386}"
EndProject
Global
	GlobalSection(SolutionConfigurationPlatforms) = preSolution
		Debug|Any CPU = Debug|Any CPU
		Release|Any CPU = Release|Any CPU
	EndGlobalSection
	GlobalSection(ProjectConfigurationPlatforms) = postSolution
		{5073E5DF-818C-4989-9693-32963BAEF386}.Debug|Any CPU.ActiveCfg = Debug|Any CPU
		{5073E5DF-818C-4989-9693-32963BAEF386}.Debug|Any CPU.Build.0 = Debug|Any CPU
		{5073E5DF-818C-4989-9693-32963BAEF386}.Release|Any CPU.ActiveCfg = Release|Any CPU
		{5073E5DF-818C-4989-9693-32963BAEF386}.Release|Any CPU.Build.0 = Release|Any CPU
	EndGlobalSection
	GlobalSection(SolutionProperties) = preSolution
		HideSolutionNode = FALSE
	EndGlobalSection
	GlobalSection(ExtensibilityGlobals) = postSolution
		SolutionGuid = {36D4E251-7DB3-4D00-92BD-96A6DE85ED1E}
	EndGlobalSection
EndGlobal
